// !$*UTF8*$!
{
	archiveVersion = 1;
	classes = {
	};
	objectVersion = 46;
	objects = {

/* Begin PBXBuildFile section */
		602A023C1ED1CFD200A61C64 /* Input.cpp in Sources */ = {isa = PBXBuildFile; fileRef = 602A023A1ED1CFD200A61C64 /* Input.cpp */; };
		606EF77E1ED19DA6004A0C9E /* main.cpp in Sources */ = {isa = PBXBuildFile; fileRef = 606EF77D1ED19DA6004A0C9E /* main.cpp */; };
		60D644131ED6644500D6A739 /* Engine.cpp in Sources */ = {isa = PBXBuildFile; fileRef = 60D644111ED6644500D6A739 /* Engine.cpp */; };
		60D644161ED6662500D6A739 /* Entity.cpp in Sources */ = {isa = PBXBuildFile; fileRef = 60D644141ED6662500D6A739 /* Entity.cpp */; };
		60D644191ED6670D00D6A739 /* User.cpp in Sources */ = {isa = PBXBuildFile; fileRef = 60D644171ED6670D00D6A739 /* User.cpp */; };
		60D6441C1ED6C11300D6A739 /* FSM.cpp in Sources */ = {isa = PBXBuildFile; fileRef = 60D6441A1ED6C11300D6A739 /* FSM.cpp */; };
/* End PBXBuildFile section */

/* Begin PBXCopyFilesBuildPhase section */
		606EF7781ED19DA6004A0C9E /* CopyFiles */ = {
			isa = PBXCopyFilesBuildPhase;
			buildActionMask = 2147483647;
			dstPath = /usr/share/man/man1/;
			dstSubfolderSpec = 0;
			files = (
			);
			runOnlyForDeploymentPostprocessing = 1;
		};
/* End PBXCopyFilesBuildPhase section */

/* Begin PBXFileReference section */
		602A023A1ED1CFD200A61C64 /* Input.cpp */ = {isa = PBXFileReference; fileEncoding = 4; lastKnownFileType = sourcecode.cpp.cpp; path = Input.cpp; sourceTree = "<group>"; };
		602A023B1ED1CFD200A61C64 /* Input.hpp */ = {isa = PBXFileReference; fileEncoding = 4; lastKnownFileType = sourcecode.cpp.h; path = Input.hpp; sourceTree = "<group>"; };
		606EF77A1ED19DA6004A0C9E /* Engine */ = {isa = PBXFileReference; explicitFileType = "compiled.mach-o.executable"; includeInIndex = 0; path = Engine; sourceTree = BUILT_PRODUCTS_DIR; };
		606EF77D1ED19DA6004A0C9E /* main.cpp */ = {isa = PBXFileReference; lastKnownFileType = sourcecode.cpp.cpp; path = main.cpp; sourceTree = "<group>"; };
		60D644111ED6644500D6A739 /* Engine.cpp */ = {isa = PBXFileReference; fileEncoding = 4; lastKnownFileType = sourcecode.cpp.cpp; path = Engine.cpp; sourceTree = "<group>"; };
		60D644121ED6644500D6A739 /* Engine.hpp */ = {isa = PBXFileReference; fileEncoding = 4; lastKnownFileType = sourcecode.cpp.h; path = Engine.hpp; sourceTree = "<group>"; };
		60D644141ED6662500D6A739 /* Entity.cpp */ = {isa = PBXFileReference; fileEncoding = 4; lastKnownFileType = sourcecode.cpp.cpp; path = Entity.cpp; sourceTree = "<group>"; };
		60D644151ED6662500D6A739 /* Entity.hpp */ = {isa = PBXFileReference; fileEncoding = 4; lastKnownFileType = sourcecode.cpp.h; path = Entity.hpp; sourceTree = "<group>"; };
		60D644171ED6670D00D6A739 /* User.cpp */ = {isa = PBXFileReference; fileEncoding = 4; lastKnownFileType = sourcecode.cpp.cpp; path = User.cpp; sourceTree = "<group>"; };
		60D644181ED6670D00D6A739 /* User.hpp */ = {isa = PBXFileReference; fileEncoding = 4; lastKnownFileType = sourcecode.cpp.h; path = User.hpp; sourceTree = "<group>"; };
		60D6441A1ED6C11300D6A739 /* FSM.cpp */ = {isa = PBXFileReference; fileEncoding = 4; lastKnownFileType = sourcecode.cpp.cpp; path = FSM.cpp; sourceTree = "<group>"; };
		60D6441B1ED6C11300D6A739 /* FSM.hpp */ = {isa = PBXFileReference; fileEncoding = 4; lastKnownFileType = sourcecode.cpp.h; path = FSM.hpp; sourceTree = "<group>"; };
/* End PBXFileReference section */

/* Begin PBXFrameworksBuildPhase section */
		606EF7771ED19DA6004A0C9E /* Frameworks */ = {
			isa = PBXFrameworksBuildPhase;
			buildActionMask = 2147483647;
			files = (
			);
			runOnlyForDeploymentPostprocessing = 0;
		};
/* End PBXFrameworksBuildPhase section */

/* Begin PBXGroup section */
		606EF7711ED19DA6004A0C9E = {
			isa = PBXGroup;
			children = (
				606EF77C1ED19DA6004A0C9E /* Engine */,
				606EF77B1ED19DA6004A0C9E /* Products */,
			);
			sourceTree = "<group>";
		};
		606EF77B1ED19DA6004A0C9E /* Products */ = {
			isa = PBXGroup;
			children = (
				606EF77A1ED19DA6004A0C9E /* Engine */,
			);
			name = Products;
			sourceTree = "<group>";
		};
		606EF77C1ED19DA6004A0C9E /* Engine */ = {
			isa = PBXGroup;
			children = (
				606EF77D1ED19DA6004A0C9E /* main.cpp */,
				602A023A1ED1CFD200A61C64 /* Input.cpp */,
				60D644111ED6644500D6A739 /* Engine.cpp */,
				60D6441A1ED6C11300D6A739 /* FSM.cpp */,
				60D6441B1ED6C11300D6A739 /* FSM.hpp */,
				60D644121ED6644500D6A739 /* Engine.hpp */,
				602A023B1ED1CFD200A61C64 /* Input.hpp */,
				60D644141ED6662500D6A739 /* Entity.cpp */,
				60D644151ED6662500D6A739 /* Entity.hpp */,
				60D644171ED6670D00D6A739 /* User.cpp */,
				60D644181ED6670D00D6A739 /* User.hpp */,
			);
			path = Engine;
			sourceTree = "<group>";
		};
/* End PBXGroup section */

/* Begin PBXNativeTarget section */
		606EF7791ED19DA6004A0C9E /* Engine */ = {
			isa = PBXNativeTarget;
			buildConfigurationList = 606EF7811ED19DA6004A0C9E /* Build configuration list for PBXNativeTarget "Engine" */;
			buildPhases = (
				606EF7761ED19DA6004A0C9E /* Sources */,
				606EF7771ED19DA6004A0C9E /* Frameworks */,
				606EF7781ED19DA6004A0C9E /* CopyFiles */,
			);
			buildRules = (
			);
			dependencies = (
			);
			name = Engine;
			productName = Engine;
			productReference = 606EF77A1ED19DA6004A0C9E /* Engine */;
			productType = "com.apple.product-type.tool";
		};
/* End PBXNativeTarget section */

/* Begin PBXProject section */
		606EF7721ED19DA6004A0C9E /* Project object */ = {
			isa = PBXProject;
			attributes = {
				LastUpgradeCheck = 0830;
				ORGANIZATIONNAME = haijian;
				TargetAttributes = {
					606EF7791ED19DA6004A0C9E = {
						CreatedOnToolsVersion = 8.3.2;
						DevelopmentTeam = 4M5A36G82A;
						ProvisioningStyle = Automatic;
					};
				};
			};
			buildConfigurationList = 606EF7751ED19DA6004A0C9E /* Build configuration list for PBXProject "Engine" */;
			compatibilityVersion = "Xcode 3.2";
			developmentRegion = English;
			hasScannedForEncodings = 0;
			knownRegions = (
				en,
			);
			mainGroup = 606EF7711ED19DA6004A0C9E;
			productRefGroup = 606EF77B1ED19DA6004A0C9E /* Products */;
			projectDirPath = "";
			projectRoot = "";
			targets = (
				606EF7791ED19DA6004A0C9E /* Engine */,
			);
		};
/* End PBXProject section */

/* Begin PBXSourcesBuildPhase section */
		606EF7761ED19DA6004A0C9E /* Sources */ = {
			isa = PBXSourcesBuildPhase;
			buildActionMask = 2147483647;
			files = (
				60D6441C1ED6C11300D6A739 /* FSM.cpp in Sources */,
				60D644161ED6662500D6A739 /* Entity.cpp in Sources */,
				606EF77E1ED19DA6004A0C9E /* main.cpp in Sources */,
				60D644131ED6644500D6A739 /* Engine.cpp in Sources */,
				602A023C1ED1CFD200A61C64 /* Input.cpp in Sources */,
				60D644191ED6670D00D6A739 /* User.cpp in Sources */,
			);
			runOnlyForDeploymentPostprocessing = 0;
		};
/* End PBXSourcesBuildPhase section */

/* Begin XCBuildConfiguration section */
		606EF77F1ED19DA6004A0C9E /* Debug */ = {
			isa = XCBuildConfiguration;
			buildSettings = {
				ALWAYS_SEARCH_USER_PATHS = NO;
				CLANG_ANALYZER_NONNULL = YES;
				CLANG_ANALYZER_NUMBER_OBJECT_CONVERSION = YES_AGGRESSIVE;
				CLANG_CXX_LANGUAGE_STANDARD = "gnu++0x";
				CLANG_CXX_LIBRARY = "libc++";
				CLANG_ENABLE_MODULES = YES;
				CLANG_ENABLE_OBJC_ARC = YES;
				CLANG_WARN_BOOL_CONVERSION = YES;
				CLANG_WARN_CONSTANT_CONVERSION = YES;
				CLANG_WARN_DIRECT_OBJC_ISA_USAGE = YES_ERROR;
				CLANG_WARN_DOCUMENTATION_COMMENTS = YES;
				CLANG_WARN_EMPTY_BODY = YES;
				CLANG_WARN_ENUM_CONVERSION = YES;
				CLANG_WARN_INFINITE_RECURSION = YES;
				CLANG_WARN_INT_CONVERSION = YES;
				CLANG_WARN_OBJC_ROOT_CLASS = YES_ERROR;
				CLANG_WARN_SUSPICIOUS_MOVE = YES;
				CLANG_WARN_UNREACHABLE_CODE = YES;
				CLANG_WARN__DUPLICATE_METHOD_MATCH = YES;
				CODE_SIGN_IDENTITY = "-";
				COPY_PHASE_STRIP = NO;
				DEBUG_INFORMATION_FORMAT = dwarf;
				ENABLE_STRICT_OBJC_MSGSEND = YES;
				ENABLE_TESTABILITY = YES;
				GCC_C_LANGUAGE_STANDARD = gnu99;
				GCC_DYNAMIC_NO_PIC = NO;
				GCC_NO_COMMON_BLOCKS = YES;
				GCC_OPTIMIZATION_LEVEL = 0;
				GCC_PREPROCESSOR_DEFINITIONS = (
					"DEBUG=1",
					"$(inherited)",
				);
				GCC_WARN_64_TO_32_BIT_CONVERSION = YES;
				GCC_WARN_ABOUT_RETURN_TYPE = YES_ERROR;
				GCC_WARN_UNDECLARED_SELECTOR = YES;
				GCC_WARN_UNINITIALIZED_AUTOS = YES_AGGRESSIVE;
				GCC_WARN_UNUSED_FUNCTION = YES;
				GCC_WARN_UNUSED_VARIABLE = YES;
				MACOSX_DEPLOYMENT_TARGET = 10.12;
				MTL_ENABLE_DEBUG_INFO = YES;
				ONLY_ACTIVE_ARCH = YES;
				SDKROOT = macosx;
			};
			name = Debug;
		};
		606EF7801ED19DA6004A0C9E /* Release */ = {
			isa = XCBuildConfiguration;
			buildSettings = {
				ALWAYS_SEARCH_USER_PATHS = NO;
				CLANG_ANALYZER_NONNULL = YES;
				CLANG_ANALYZER_NUMBER_OBJECT_CONVERSION = YES_AGGRESSIVE;
				CLANG_CXX_LANGUAGE_STANDARD = "gnu++0x";
				CLANG_CXX_LIBRARY = "libc++";
				CLANG_ENABLE_MODULES = YES;
				CLANG_ENABLE_OBJC_ARC = YES;
				CLANG_WARN_BOOL_CONVERSION = YES;
				CLANG_WARN_CONSTANT_CONVERSION = YES;
				CLANG_WARN_DIRECT_OBJC_ISA_USAGE = YES_ERROR;
				CLANG_WARN_DOCUMENTATION_COMMENTS = YES;
				CLANG_WARN_EMPTY_BODY = YES;
				CLANG_WARN_ENUM_CONVERSION = YES;
				CLANG_WARN_INFINITE_RECURSION = YES;
				CLANG_WARN_INT_CONVERSION = YES;
				CLANG_WARN_OBJC_ROOT_CLASS = YES_ERROR;
				CLANG_WARN_SUSPICIOUS_MOVE = YES;
				CLANG_WARN_UNREACHABLE_CODE = YES;
				CLANG_WARN__DUPLICATE_METHOD_MATCH = YES;
				CODE_SIGN_IDENTITY = "-";
				COPY_PHASE_STRIP = NO;
				DEBUG_INFORMATION_FORMAT = "dwarf-with-dsym";
				ENABLE_NS_ASSERTIONS = NO;
				ENABLE_STRICT_OBJC_MSGSEND = YES;
				GCC_C_LANGUAGE_STANDARD = gnu99;
				GCC_NO_COMMON_BLOCKS = YES;
				GCC_WARN_64_TO_32_BIT_CONVERSION = YES;
				GCC_WARN_ABOUT_RETURN_TYPE = YES_ERROR;
				GCC_WARN_UNDECLARED_SELECTOR = YES;
				GCC_WARN_UNINITIALIZED_AUTOS = YES_AGGRESSIVE;
				GCC_WARN_UNUSED_FUNCTION = YES;
				GCC_WARN_UNUSED_VARIABLE = YES;
				MACOSX_DEPLOYMENT_TARGET = 10.12;
				MTL_ENABLE_DEBUG_INFO = NO;
				SDKROOT = macosx;
			};
			name = Release;
		};
		606EF7821ED19DA6004A0C9E /* Debug */ = {
			isa = XCBuildConfiguration;
			buildSettings = {
				DEVELOPMENT_TEAM = 4M5A36G82A;
				PRODUCT_NAME = "$(TARGET_NAME)";
			};
			name = Debug;
		};
		606EF7831ED19DA6004A0C9E /* Release */ = {
			isa = XCBuildConfiguration;
			buildSettings = {
				DEVELOPMENT_TEAM = 4M5A36G82A;
				PRODUCT_NAME = "$(TARGET_NAME)";
			};
			name = Release;
		};
/* End XCBuildConfiguration section */

/* Begin XCConfigurationList section */
		606EF7751ED19DA6004A0C9E /* Build configuration list for PBXProject "Engine" */ = {
			isa = XCConfigurationList;
			buildConfigurations = (
				606EF77F1ED19DA6004A0C9E /* Debug */,
				606EF7801ED19DA6004A0C9E /* Release */,
			);
			defaultConfigurationIsVisible = 0;
			defaultConfigurationName = Release;
		};
		606EF7811ED19DA6004A0C9E /* Build configuration list for PBXNativeTarget "Engine" */ = {
			isa = XCConfigurationList;
			buildConfigurations = (
				606EF7821ED19DA6004A0C9E /* Debug */,
				606EF7831ED19DA6004A0C9E /* Release */,
			);
			defaultConfigurationIsVisible = 0;
			defaultConfigurationName = Release;
		};
/* End XCConfigurationList section */
	};
	rootObject = 606EF7721ED19DA6004A0C9E /* Project object */;
}
